
Microsoft Visual Studio Solution File, Format Version 12.00
# Visual Studio Version 17
VisualStudioVersion = 17.2.32630.192
MinimumVisualStudioVersion = 10.0.40219.1
Project("{2150E333-8FDC-42A3-9474-1A3956D46DE8}") = "src", "src", "{6B6DF2D3-DCE2-4F7A-999C-239856F91D4E}"
EndProject
Project("{2150E333-8FDC-42A3-9474-1A3956D46DE8}") = "Services", "Services", "{EE7ECDBC-B957-495A-8E12-4272D80BE4C6}"
EndProject
Project("{2150E333-8FDC-42A3-9474-1A3956D46DE8}") = "Web", "Web", "{0416BC67-B878-4BC7-A269-FD28CB3937FB}"
EndProject
Project("{2150E333-8FDC-42A3-9474-1A3956D46DE8}") = "Building Blocks", "Building Blocks", "{3EBBDA81-C62D-40FD-8B27-0BFF87CF08C5}"
EndProject
Project("{2150E333-8FDC-42A3-9474-1A3956D46DE8}") = "Identidade", "Identidade", "{929076AA-A1FE-475F-AC4B-C7E0942D70BC}"
EndProject
Project("{9A19103F-16F7-4668-BE54-9A1E7A4F7556}") = "DRD.Identidade.API", "src\services\DRD.Identidade.API\DRD.Identidade.API.csproj", "{9E556FBD-1435-4DB1-B55A-E728CCC51087}"
EndProject
Project("{9A19103F-16F7-4668-BE54-9A1E7A4F7556}") = "DRD.WebApp.MVC", "src\web\DRD.WebApp.MVC\DRD.WebApp.MVC.csproj", "{35E623BF-8B5B-4552-95B8-4035491B1E7E}"
EndProject
Project("{2150E333-8FDC-42A3-9474-1A3956D46DE8}") = "Core", "Core", "{7CE2449D-8459-4625-AEA0-38A9C6112512}"
EndProject
Project("{9A19103F-16F7-4668-BE54-9A1E7A4F7556}") = "DRD.Core", "src\building blocks\DRD.Core\DRD.Core.csproj", "{72DDF3BB-4010-42FC-BF30-FECFC92EDE24}"
EndProject
Project("{2150E333-8FDC-42A3-9474-1A3956D46DE8}") = "Catalogo", "Catalogo", "{C77FC437-2EB3-46D3-A1CF-B63F3FA79A2A}"
EndProject
Project("{9A19103F-16F7-4668-BE54-9A1E7A4F7556}") = "DRD.Catalogo.API", "src\services\DRD.Catalogo.API\DRD.Catalogo.API.csproj", "{8F773C4C-53A5-48B2-82F6-3832A70314C8}"
EndProject
Project("{9A19103F-16F7-4668-BE54-9A1E7A4F7556}") = "DRD.WebAPI.Core", "src\building blocks\DRD.WebAPI.Core\DRD.WebAPI.Core.csproj", "{9B508BAE-26AB-4BB3-80EE-63B34C17F8C0}"
EndProject
Project("{2150E333-8FDC-42A3-9474-1A3956D46DE8}") = "Cliente", "Cliente", "{AD1E5834-FA3A-483A-990C-5A2A70B974E8}"
EndProject
Project("{9A19103F-16F7-4668-BE54-9A1E7A4F7556}") = "DRD.ClienteTeste.API", "src\services\DRD.ClienteTeste.API\DRD.ClienteTeste.API.csproj", "{6C4FB8B0-ED6B-4C92-9B3B-39CD1A9DDC65}"
EndProject
Project("{2150E333-8FDC-42A3-9474-1A3956D46DE8}") = "MessageBus", "MessageBus", "{5D63C56D-A151-421B-B917-24F9E3C893A1}"
EndProject
Project("{9A19103F-16F7-4668-BE54-9A1E7A4F7556}") = "DRD.MessageBus", "src\building blocks\DRD.MessageBus\DRD.MessageBus.csproj", "{0576F305-3A35-4D42-9B01-649F978BAC94}"
EndProject
Global
	GlobalSection(SolutionConfigurationPlatforms) = preSolution
		Debug|Any CPU = Debug|Any CPU
		Release|Any CPU = Release|Any CPU
	EndGlobalSection
	GlobalSection(ProjectConfigurationPlatforms) = postSolution
		{9E556FBD-1435-4DB1-B55A-E728CCC51087}.Debug|Any CPU.ActiveCfg = Debug|Any CPU
		{9E556FBD-1435-4DB1-B55A-E728CCC51087}.Debug|Any CPU.Build.0 = Debug|Any CPU
		{9E556FBD-1435-4DB1-B55A-E728CCC51087}.Release|Any CPU.ActiveCfg = Release|Any CPU
		{9E556FBD-1435-4DB1-B55A-E728CCC51087}.Release|Any CPU.Build.0 = Release|Any CPU
		{35E623BF-8B5B-4552-95B8-4035491B1E7E}.Debug|Any CPU.ActiveCfg = Debug|Any CPU
		{35E623BF-8B5B-4552-95B8-4035491B1E7E}.Debug|Any CPU.Build.0 = Debug|Any CPU
		{35E623BF-8B5B-4552-95B8-4035491B1E7E}.Release|Any CPU.ActiveCfg = Release|Any CPU
		{35E623BF-8B5B-4552-95B8-4035491B1E7E}.Release|Any CPU.Build.0 = Release|Any CPU
		{72DDF3BB-4010-42FC-BF30-FECFC92EDE24}.Debug|Any CPU.ActiveCfg = Debug|Any CPU
		{72DDF3BB-4010-42FC-BF30-FECFC92EDE24}.Debug|Any CPU.Build.0 = Debug|Any CPU
		{72DDF3BB-4010-42FC-BF30-FECFC92EDE24}.Release|Any CPU.ActiveCfg = Release|Any CPU
		{72DDF3BB-4010-42FC-BF30-FECFC92EDE24}.Release|Any CPU.Build.0 = Release|Any CPU
		{8F773C4C-53A5-48B2-82F6-3832A70314C8}.Debug|Any CPU.ActiveCfg = Debug|Any CPU
		{8F773C4C-53A5-48B2-82F6-3832A70314C8}.Debug|Any CPU.Build.0 = Debug|Any CPU
		{8F773C4C-53A5-48B2-82F6-3832A70314C8}.Release|Any CPU.ActiveCfg = Release|Any CPU
		{8F773C4C-53A5-48B2-82F6-3832A70314C8}.Release|Any CPU.Build.0 = Release|Any CPU
		{9B508BAE-26AB-4BB3-80EE-63B34C17F8C0}.Debug|Any CPU.ActiveCfg = Debug|Any CPU
		{9B508BAE-26AB-4BB3-80EE-63B34C17F8C0}.Debug|Any CPU.Build.0 = Debug|Any CPU
		{9B508BAE-26AB-4BB3-80EE-63B34C17F8C0}.Release|Any CPU.ActiveCfg = Release|Any CPU
		{9B508BAE-26AB-4BB3-80EE-63B34C17F8C0}.Release|Any CPU.Build.0 = Release|Any CPU
		{6C4FB8B0-ED6B-4C92-9B3B-39CD1A9DDC65}.Debug|Any CPU.ActiveCfg = Debug|Any CPU
		{6C4FB8B0-ED6B-4C92-9B3B-39CD1A9DDC65}.Debug|Any CPU.Build.0 = Debug|Any CPU
		{6C4FB8B0-ED6B-4C92-9B3B-39CD1A9DDC65}.Release|Any CPU.ActiveCfg = Release|Any CPU
		{6C4FB8B0-ED6B-4C92-9B3B-39CD1A9DDC65}.Release|Any CPU.Build.0 = Release|Any CPU
		{0576F305-3A35-4D42-9B01-649F978BAC94}.Debug|Any CPU.ActiveCfg = Debug|Any CPU
		{0576F305-3A35-4D42-9B01-649F978BAC94}.Debug|Any CPU.Build.0 = Debug|Any CPU
		{0576F305-3A35-4D42-9B01-649F978BAC94}.Release|Any CPU.ActiveCfg = Release|Any CPU
		{0576F305-3A35-4D42-9B01-649F978BAC94}.Release|Any CPU.Build.0 = Release|Any CPU
	EndGlobalSection
	GlobalSection(SolutionProperties) = preSolution
		HideSolutionNode = FALSE
	EndGlobalSection
	GlobalSection(NestedProjects) = preSolution
		{EE7ECDBC-B957-495A-8E12-4272D80BE4C6} = {6B6DF2D3-DCE2-4F7A-999C-239856F91D4E}
		{0416BC67-B878-4BC7-A269-FD28CB3937FB} = {6B6DF2D3-DCE2-4F7A-999C-239856F91D4E}
		{3EBBDA81-C62D-40FD-8B27-0BFF87CF08C5} = {6B6DF2D3-DCE2-4F7A-999C-239856F91D4E}
		{929076AA-A1FE-475F-AC4B-C7E0942D70BC} = {EE7ECDBC-B957-495A-8E12-4272D80BE4C6}
		{9E556FBD-1435-4DB1-B55A-E728CCC51087} = {929076AA-A1FE-475F-AC4B-C7E0942D70BC}
		{35E623BF-8B5B-4552-95B8-4035491B1E7E} = {0416BC67-B878-4BC7-A269-FD28CB3937FB}
		{7CE2449D-8459-4625-AEA0-38A9C6112512} = {3EBBDA81-C62D-40FD-8B27-0BFF87CF08C5}
		{72DDF3BB-4010-42FC-BF30-FECFC92EDE24} = {7CE2449D-8459-4625-AEA0-38A9C6112512}
		{C77FC437-2EB3-46D3-A1CF-B63F3FA79A2A} = {EE7ECDBC-B957-495A-8E12-4272D80BE4C6}
		{8F773C4C-53A5-48B2-82F6-3832A70314C8} = {C77FC437-2EB3-46D3-A1CF-B63F3FA79A2A}
		{9B508BAE-26AB-4BB3-80EE-63B34C17F8C0} = {7CE2449D-8459-4625-AEA0-38A9C6112512}
		{AD1E5834-FA3A-483A-990C-5A2A70B974E8} = {EE7ECDBC-B957-495A-8E12-4272D80BE4C6}
		{6C4FB8B0-ED6B-4C92-9B3B-39CD1A9DDC65} = {AD1E5834-FA3A-483A-990C-5A2A70B974E8}
		{5D63C56D-A151-421B-B917-24F9E3C893A1} = {3EBBDA81-C62D-40FD-8B27-0BFF87CF08C5}
		{0576F305-3A35-4D42-9B01-649F978BAC94} = {5D63C56D-A151-421B-B917-24F9E3C893A1}
	EndGlobalSection
	GlobalSection(ExtensibilityGlobals) = postSolution
		SolutionGuid = {24C956C7-9C06-4C5A-898F-B0BCF755E311}
	EndGlobalSection
EndGlobal
